
Microsoft Visual Studio Solution File, Format Version 12.00
# Visual Studio 15
VisualStudioVersion = 15.0.26228.4
MinimumVisualStudioVersion = 10.0.40219.1
Project("{FAE04EC0-301F-11D3-BF4B-00C04F79EFBC}") = "DataTriggerTest.Android", "DataTriggerTest\DataTriggerTest.Android\DataTriggerTest.Android.csproj", "{904220C1-BE0D-40F7-9D22-01D0981BD17B}"
EndProject
Project("{FAE04EC0-301F-11D3-BF4B-00C04F79EFBC}") = "DataTriggerTest", "DataTriggerTest\DataTriggerTest\DataTriggerTest.csproj", "{5990C55D-D055-4660-8D10-C1B73EEA6806}"
EndProject
Project("{FAE04EC0-301F-11D3-BF4B-00C04F79EFBC}") = "DataTriggerTest.UWP", "DataTriggerTest\DataTriggerTest.UWP\DataTriggerTest.UWP.csproj", "{C5E7FE19-ACE4-4D47-8462-1E2547ED7673}"
EndProject
Project("{FAE04EC0-301F-11D3-BF4B-00C04F79EFBC}") = "DataTriggerTest.iOS", "DataTriggerTest\DataTriggerTest.iOS\DataTriggerTest.iOS.csproj", "{226238BF-EF9C-4BBD-8AAA-1B302015E4A7}"
EndProject
Global
	GlobalSection(SolutionConfigurationPlatforms) = preSolution
		Ad-Hoc|Any CPU = Ad-Hoc|Any CPU
		Ad-Hoc|ARM = Ad-Hoc|ARM
		Ad-Hoc|iPhone = Ad-Hoc|iPhone
		Ad-Hoc|iPhoneSimulator = Ad-Hoc|iPhoneSimulator
		Ad-Hoc|x64 = Ad-Hoc|x64
		Ad-Hoc|x86 = Ad-Hoc|x86
		AppStore|Any CPU = AppStore|Any CPU
		AppStore|ARM = AppStore|ARM
		AppStore|iPhone = AppStore|iPhone
		AppStore|iPhoneSimulator = AppStore|iPhoneSimulator
		AppStore|x64 = AppStore|x64
		AppStore|x86 = AppStore|x86
		Debug|Any CPU = Debug|Any CPU
		Debug|ARM = Debug|ARM
		Debug|iPhone = Debug|iPhone
		Debug|iPhoneSimulator = Debug|iPhoneSimulator
		Debug|x64 = Debug|x64
		Debug|x86 = Debug|x86
		Release|Any CPU = Release|Any CPU
		Release|ARM = Release|ARM
		Release|iPhone = Release|iPhone
		Release|iPhoneSimulator = Release|iPhoneSimulator
		Release|x64 = Release|x64
		Release|x86 = Release|x86
		ToolChain|Any CPU = ToolChain|Any CPU
		ToolChain|ARM = ToolChain|ARM
		ToolChain|iPhone = ToolChain|iPhone
		ToolChain|iPhoneSimulator = ToolChain|iPhoneSimulator
		ToolChain|x64 = ToolChain|x64
		ToolChain|x86 = ToolChain|x86
	EndGlobalSection
	GlobalSection(ProjectConfigurationPlatforms) = postSolution
		{904220C1-BE0D-40F7-9D22-01D0981BD17B}.Ad-Hoc|Any CPU.ActiveCfg = Release|Any CPU
		{904220C1-BE0D-40F7-9D22-01D0981BD17B}.Ad-Hoc|Any CPU.Build.0 = Release|Any CPU
		{904220C1-BE0D-40F7-9D22-01D0981BD17B}.Ad-Hoc|Any CPU.Deploy.0 = Release|Any CPU
		{904220C1-BE0D-40F7-9D22-01D0981BD17B}.Ad-Hoc|ARM.ActiveCfg = Release|Any CPU
		{904220C1-BE0D-40F7-9D22-01D0981BD17B}.Ad-Hoc|ARM.Build.0 = Release|Any CPU
		{904220C1-BE0D-40F7-9D22-01D0981BD17B}.Ad-Hoc|ARM.Deploy.0 = Release|Any CPU
		{904220C1-BE0D-40F7-9D22-01D0981BD17B}.Ad-Hoc|iPhone.ActiveCfg = Release|Any CPU
		{904220C1-BE0D-40F7-9D22-01D0981BD17B}.Ad-Hoc|iPhone.Build.0 = Release|Any CPU
		{904220C1-BE0D-40F7-9D22-01D0981BD17B}.Ad-Hoc|iPhone.Deploy.0 = Release|Any CPU
		{904220C1-BE0D-40F7-9D22-01D0981BD17B}.Ad-Hoc|iPhoneSimulator.ActiveCfg = Release|Any CPU
		{904220C1-BE0D-40F7-9D22-01D0981BD17B}.Ad-Hoc|iPhoneSimulator.Build.0 = Release|Any CPU
		{904220C1-BE0D-40F7-9D22-01D0981BD17B}.Ad-Hoc|iPhoneSimulator.Deploy.0 = Release|Any CPU
		{904220C1-BE0D-40F7-9D22-01D0981BD17B}.Ad-Hoc|x64.ActiveCfg = Release|Any CPU
		{904220C1-BE0D-40F7-9D22-01D0981BD17B}.Ad-Hoc|x64.Build.0 = Release|Any CPU
		{904220C1-BE0D-40F7-9D22-01D0981BD17B}.Ad-Hoc|x64.Deploy.0 = Release|Any CPU
		{904220C1-BE0D-40F7-9D22-01D0981BD17B}.Ad-Hoc|x86.ActiveCfg = Release|Any CPU
		{904220C1-BE0D-40F7-9D22-01D0981BD17B}.Ad-Hoc|x86.Build.0 = Release|Any CPU
		{904220C1-BE0D-40F7-9D22-01D0981BD17B}.Ad-Hoc|x86.Deploy.0 = Release|Any CPU
		{904220C1-BE0D-40F7-9D22-01D0981BD17B}.AppStore|Any CPU.ActiveCfg = Release|Any CPU
		{904220C1-BE0D-40F7-9D22-01D0981BD17B}.AppStore|Any CPU.Build.0 = Release|Any CPU
		{904220C1-BE0D-40F7-9D22-01D0981BD17B}.AppStore|Any CPU.Deploy.0 = Release|Any CPU
		{904220C1-BE0D-40F7-9D22-01D0981BD17B}.AppStore|ARM.ActiveCfg = Release|Any CPU
		{904220C1-BE0D-40F7-9D22-01D0981BD17B}.AppStore|ARM.Build.0 = Release|Any CPU
		{904220C1-BE0D-40F7-9D22-01D0981BD17B}.AppStore|ARM.Deploy.0 = Release|Any CPU
		{904220C1-BE0D-40F7-9D22-01D0981BD17B}.AppStore|iPhone.ActiveCfg = Release|Any CPU
		{904220C1-BE0D-40F7-9D22-01D0981BD17B}.AppStore|iPhone.Build.0 = Release|Any CPU
		{904220C1-BE0D-40F7-9D22-01D0981BD17B}.AppStore|iPhone.Deploy.0 = Release|Any CPU
		{904220C1-BE0D-40F7-9D22-01D0981BD17B}.AppStore|iPhoneSimulator.ActiveCfg = Release|Any CPU
		{904220C1-BE0D-40F7-9D22-01D0981BD17B}.AppStore|iPhoneSimulator.Build.0 = Release|Any CPU
		{904220C1-BE0D-40F7-9D22-01D0981BD17B}.AppStore|iPhoneSimulator.Deploy.0 = Release|Any CPU
		{904220C1-BE0D-40F7-9D22-01D0981BD17B}.AppStore|x64.ActiveCfg = Release|Any CPU
		{904220C1-BE0D-40F7-9D22-01D0981BD17B}.AppStore|x64.Build.0 = Release|Any CPU
		{904220C1-BE0D-40F7-9D22-01D0981BD17B}.AppStore|x64.Deploy.0 = Release|Any CPU
		{904220C1-BE0D-40F7-9D22-01D0981BD17B}.AppStore|x86.ActiveCfg = Release|Any CPU
		{904220C1-BE0D-40F7-9D22-01D0981BD17B}.AppStore|x86.Build.0 = Release|Any CPU
		{904220C1-BE0D-40F7-9D22-01D0981BD17B}.AppStore|x86.Deploy.0 = Release|Any CPU
		{904220C1-BE0D-40F7-9D22-01D0981BD17B}.Debug|Any CPU.ActiveCfg = Debug|Any CPU
		{904220C1-BE0D-40F7-9D22-01D0981BD17B}.Debug|Any CPU.Build.0 = Debug|Any CPU
		{904220C1-BE0D-40F7-9D22-01D0981BD17B}.Debug|Any CPU.Deploy.0 = Debug|Any CPU
		{904220C1-BE0D-40F7-9D22-01D0981BD17B}.Debug|ARM.ActiveCfg = Debug|Any CPU
		{904220C1-BE0D-40F7-9D22-01D0981BD17B}.Debug|ARM.Build.0 = Debug|Any CPU
		{904220C1-BE0D-40F7-9D22-01D0981BD17B}.Debug|ARM.Deploy.0 = Debug|Any CPU
		{904220C1-BE0D-40F7-9D22-01D0981BD17B}.Debug|iPhone.ActiveCfg = Debug|Any CPU
		{904220C1-BE0D-40F7-9D22-01D0981BD17B}.Debug|iPhone.Build.0 = Debug|Any CPU
		{904220C1-BE0D-40F7-9D22-01D0981BD17B}.Debug|iPhone.Deploy.0 = Debug|Any CPU
		{904220C1-BE0D-40F7-9D22-01D0981BD17B}.Debug|iPhoneSimulator.ActiveCfg = Debug|Any CPU
		{904220C1-BE0D-40F7-9D22-01D0981BD17B}.Debug|iPhoneSimulator.Build.0 = Debug|Any CPU
		{904220C1-BE0D-40F7-9D22-01D0981BD17B}.Debug|iPhoneSimulator.Deploy.0 = Debug|Any CPU
		{904220C1-BE0D-40F7-9D22-01D0981BD17B}.Debug|x64.ActiveCfg = Debug|Any CPU
		{904220C1-BE0D-40F7-9D22-01D0981BD17B}.Debug|x64.Build.0 = Debug|Any CPU
		{904220C1-BE0D-40F7-9D22-01D0981BD17B}.Debug|x64.Deploy.0 = Debug|Any CPU
		{904220C1-BE0D-40F7-9D22-01D0981BD17B}.Debug|x86.ActiveCfg = Debug|Any CPU
		{904220C1-BE0D-40F7-9D22-01D0981BD17B}.Debug|x86.Build.0 = Debug|Any CPU
		{904220C1-BE0D-40F7-9D22-01D0981BD17B}.Debug|x86.Deploy.0 = Debug|Any CPU
		{904220C1-BE0D-40F7-9D22-01D0981BD17B}.Release|Any CPU.ActiveCfg = Release|Any CPU
		{904220C1-BE0D-40F7-9D22-01D0981BD17B}.Release|Any CPU.Build.0 = Release|Any CPU
		{904220C1-BE0D-40F7-9D22-01D0981BD17B}.Release|Any CPU.Deploy.0 = Release|Any CPU
		{904220C1-BE0D-40F7-9D22-01D0981BD17B}.Release|ARM.ActiveCfg = Release|Any CPU
		{904220C1-BE0D-40F7-9D22-01D0981BD17B}.Release|ARM.Build.0 = Release|Any CPU
		{904220C1-BE0D-40F7-9D22-01D0981BD17B}.Release|ARM.Deploy.0 = Release|Any CPU
		{904220C1-BE0D-40F7-9D22-01D0981BD17B}.Release|iPhone.ActiveCfg = Release|Any CPU
		{904220C1-BE0D-40F7-9D22-01D0981BD17B}.Release|iPhone.Build.0 = Release|Any CPU
		{904220C1-BE0D-40F7-9D22-01D0981BD17B}.Release|iPhone.Deploy.0 = Release|Any CPU
		{904220C1-BE0D-40F7-9D22-01D0981BD17B}.Release|iPhoneSimulator.ActiveCfg = Release|Any CPU
		{904220C1-BE0D-40F7-9D22-01D0981BD17B}.Release|iPhoneSimulator.Build.0 = Release|Any CPU
		{904220C1-BE0D-40F7-9D22-01D0981BD17B}.Release|iPhoneSimulator.Deploy.0 = Release|Any CPU
		{904220C1-BE0D-40F7-9D22-01D0981BD17B}.Release|x64.ActiveCfg = Release|Any CPU
		{904220C1-BE0D-40F7-9D22-01D0981BD17B}.Release|x64.Build.0 = Release|Any CPU
		{904220C1-BE0D-40F7-9D22-01D0981BD17B}.Release|x64.Deploy.0 = Release|Any CPU
		{904220C1-BE0D-40F7-9D22-01D0981BD17B}.Release|x86.ActiveCfg = Release|Any CPU
		{904220C1-BE0D-40F7-9D22-01D0981BD17B}.Release|x86.Build.0 = Release|Any CPU
		{904220C1-BE0D-40F7-9D22-01D0981BD17B}.Release|x86.Deploy.0 = Release|Any CPU
		{904220C1-BE0D-40F7-9D22-01D0981BD17B}.ToolChain|Any CPU.ActiveCfg = ToolChain|Any CPU
		{904220C1-BE0D-40F7-9D22-01D0981BD17B}.ToolChain|Any CPU.Build.0 = ToolChain|Any CPU
		{904220C1-BE0D-40F7-9D22-01D0981BD17B}.ToolChain|Any CPU.Deploy.0 = ToolChain|Any CPU
		{904220C1-BE0D-40F7-9D22-01D0981BD17B}.ToolChain|ARM.ActiveCfg = ToolChain|Any CPU
		{904220C1-BE0D-40F7-9D22-01D0981BD17B}.ToolChain|ARM.Build.0 = ToolChain|Any CPU
		{904220C1-BE0D-40F7-9D22-01D0981BD17B}.ToolChain|ARM.Deploy.0 = ToolChain|Any CPU
		{904220C1-BE0D-40F7-9D22-01D0981BD17B}.ToolChain|iPhone.ActiveCfg = ToolChain|Any CPU
		{904220C1-BE0D-40F7-9D22-01D0981BD17B}.ToolChain|iPhone.Build.0 = ToolChain|Any CPU
		{904220C1-BE0D-40F7-9D22-01D0981BD17B}.ToolChain|iPhone.Deploy.0 = ToolChain|Any CPU
		{904220C1-BE0D-40F7-9D22-01D0981BD17B}.ToolChain|iPhoneSimulator.ActiveCfg = ToolChain|Any CPU
		{904220C1-BE0D-40F7-9D22-01D0981BD17B}.ToolChain|iPhoneSimulator.Build.0 = ToolChain|Any CPU
		{904220C1-BE0D-40F7-9D22-01D0981BD17B}.ToolChain|iPhoneSimulator.Deploy.0 = ToolChain|Any CPU
		{904220C1-BE0D-40F7-9D22-01D0981BD17B}.ToolChain|x64.ActiveCfg = ToolChain|Any CPU
		{904220C1-BE0D-40F7-9D22-01D0981BD17B}.ToolChain|x64.Build.0 = ToolChain|Any CPU
		{904220C1-BE0D-40F7-9D22-01D0981BD17B}.ToolChain|x64.Deploy.0 = ToolChain|Any CPU
		{904220C1-BE0D-40F7-9D22-01D0981BD17B}.ToolChain|x86.ActiveCfg = ToolChain|Any CPU
		{904220C1-BE0D-40F7-9D22-01D0981BD17B}.ToolChain|x86.Build.0 = ToolChain|Any CPU
		{904220C1-BE0D-40F7-9D22-01D0981BD17B}.ToolChain|x86.Deploy.0 = ToolChain|Any CPU
		{5990C55D-D055-4660-8D10-C1B73EEA6806}.Ad-Hoc|Any CPU.ActiveCfg = Release|Any CPU
		{5990C55D-D055-4660-8D10-C1B73EEA6806}.Ad-Hoc|Any CPU.Build.0 = Release|Any CPU
		{5990C55D-D055-4660-8D10-C1B73EEA6806}.Ad-Hoc|ARM.ActiveCfg = Release|Any CPU
		{5990C55D-D055-4660-8D10-C1B73EEA6806}.Ad-Hoc|ARM.Build.0 = Release|Any CPU
		{5990C55D-D055-4660-8D10-C1B73EEA6806}.Ad-Hoc|iPhone.ActiveCfg = Release|Any CPU
		{5990C55D-D055-4660-8D10-C1B73EEA6806}.Ad-Hoc|iPhone.Build.0 = Release|Any CPU
		{5990C55D-D055-4660-8D10-C1B73EEA6806}.Ad-Hoc|iPhoneSimulator.ActiveCfg = Release|Any CPU
		{5990C55D-D055-4660-8D10-C1B73EEA6806}.Ad-Hoc|iPhoneSimulator.Build.0 = Release|Any CPU
		{5990C55D-D055-4660-8D10-C1B73EEA6806}.Ad-Hoc|x64.ActiveCfg = Release|Any CPU
		{5990C55D-D055-4660-8D10-C1B73EEA6806}.Ad-Hoc|x64.Build.0 = Release|Any CPU
		{5990C55D-D055-4660-8D10-C1B73EEA6806}.Ad-Hoc|x86.ActiveCfg = Release|Any CPU
		{5990C55D-D055-4660-8D10-C1B73EEA6806}.Ad-Hoc|x86.Build.0 = Release|Any CPU
		{5990C55D-D055-4660-8D10-C1B73EEA6806}.AppStore|Any CPU.ActiveCfg = Release|Any CPU
		{5990C55D-D055-4660-8D10-C1B73EEA6806}.AppStore|Any CPU.Build.0 = Release|Any CPU
		{5990C55D-D055-4660-8D10-C1B73EEA6806}.AppStore|ARM.ActiveCfg = Release|Any CPU
		{5990C55D-D055-4660-8D10-C1B73EEA6806}.AppStore|ARM.Build.0 = Release|Any CPU
		{5990C55D-D055-4660-8D10-C1B73EEA6806}.AppStore|iPhone.ActiveCfg = Release|Any CPU
		{5990C55D-D055-4660-8D10-C1B73EEA6806}.AppStore|iPhone.Build.0 = Release|Any CPU
		{5990C55D-D055-4660-8D10-C1B73EEA6806}.AppStore|iPhoneSimulator.ActiveCfg = Release|Any CPU
		{5990C55D-D055-4660-8D10-C1B73EEA6806}.AppStore|iPhoneSimulator.Build.0 = Release|Any CPU
		{5990C55D-D055-4660-8D10-C1B73EEA6806}.AppStore|x64.ActiveCfg = Release|Any CPU
		{5990C55D-D055-4660-8D10-C1B73EEA6806}.AppStore|x64.Build.0 = Release|Any CPU
		{5990C55D-D055-4660-8D10-C1B73EEA6806}.AppStore|x86.ActiveCfg = Release|Any CPU
		{5990C55D-D055-4660-8D10-C1B73EEA6806}.AppStore|x86.Build.0 = Release|Any CPU
		{5990C55D-D055-4660-8D10-C1B73EEA6806}.Debug|Any CPU.ActiveCfg = Debug|Any CPU
		{5990C55D-D055-4660-8D10-C1B73EEA6806}.Debug|Any CPU.Build.0 = Debug|Any CPU
		{5990C55D-D055-4660-8D10-C1B73EEA6806}.Debug|ARM.ActiveCfg = Debug|Any CPU
		{5990C55D-D055-4660-8D10-C1B73EEA6806}.Debug|ARM.Build.0 = Debug|Any CPU
		{5990C55D-D055-4660-8D10-C1B73EEA6806}.Debug|iPhone.ActiveCfg = Debug|Any CPU
		{5990C55D-D055-4660-8D10-C1B73EEA6806}.Debug|iPhone.Build.0 = Debug|Any CPU
		{5990C55D-D055-4660-8D10-C1B73EEA6806}.Debug|iPhoneSimulator.ActiveCfg = Debug|Any CPU
		{5990C55D-D055-4660-8D10-C1B73EEA6806}.Debug|iPhoneSimulator.Build.0 = Debug|Any CPU
		{5990C55D-D055-4660-8D10-C1B73EEA6806}.Debug|x64.ActiveCfg = Debug|Any CPU
		{5990C55D-D055-4660-8D10-C1B73EEA6806}.Debug|x64.Build.0 = Debug|Any CPU
		{5990C55D-D055-4660-8D10-C1B73EEA6806}.Debug|x86.ActiveCfg = Debug|Any CPU
		{5990C55D-D055-4660-8D10-C1B73EEA6806}.Debug|x86.Build.0 = Debug|Any CPU
		{5990C55D-D055-4660-8D10-C1B73EEA6806}.Release|Any CPU.ActiveCfg = Release|Any CPU
		{5990C55D-D055-4660-8D10-C1B73EEA6806}.Release|Any CPU.Build.0 = Release|Any CPU
		{5990C55D-D055-4660-8D10-C1B73EEA6806}.Release|ARM.ActiveCfg = Release|Any CPU
		{5990C55D-D055-4660-8D10-C1B73EEA6806}.Release|ARM.Build.0 = Release|Any CPU
		{5990C55D-D055-4660-8D10-C1B73EEA6806}.Release|iPhone.ActiveCfg = Release|Any CPU
		{5990C55D-D055-4660-8D10-C1B73EEA6806}.Release|iPhone.Build.0 = Release|Any CPU
		{5990C55D-D055-4660-8D10-C1B73EEA6806}.Release|iPhoneSimulator.ActiveCfg = Release|Any CPU
		{5990C55D-D055-4660-8D10-C1B73EEA6806}.Release|iPhoneSimulator.Build.0 = Release|Any CPU
		{5990C55D-D055-4660-8D10-C1B73EEA6806}.Release|x64.ActiveCfg = Release|Any CPU
		{5990C55D-D055-4660-8D10-C1B73EEA6806}.Release|x64.Build.0 = Release|Any CPU
		{5990C55D-D055-4660-8D10-C1B73EEA6806}.Release|x86.ActiveCfg = Release|Any CPU
		{5990C55D-D055-4660-8D10-C1B73EEA6806}.Release|x86.Build.0 = Release|Any CPU
		{5990C55D-D055-4660-8D10-C1B73EEA6806}.ToolChain|Any CPU.ActiveCfg = ToolChain|Any CPU
		{5990C55D-D055-4660-8D10-C1B73EEA6806}.ToolChain|Any CPU.Build.0 = ToolChain|Any CPU
		{5990C55D-D055-4660-8D10-C1B73EEA6806}.ToolChain|ARM.ActiveCfg = ToolChain|Any CPU
		{5990C55D-D055-4660-8D10-C1B73EEA6806}.ToolChain|ARM.Build.0 = ToolChain|Any CPU
		{5990C55D-D055-4660-8D10-C1B73EEA6806}.ToolChain|iPhone.ActiveCfg = ToolChain|Any CPU
		{5990C55D-D055-4660-8D10-C1B73EEA6806}.ToolChain|iPhone.Build.0 = ToolChain|Any CPU
		{5990C55D-D055-4660-8D10-C1B73EEA6806}.ToolChain|iPhoneSimulator.ActiveCfg = ToolChain|Any CPU
		{5990C55D-D055-4660-8D10-C1B73EEA6806}.ToolChain|iPhoneSimulator.Build.0 = ToolChain|Any CPU
		{5990C55D-D055-4660-8D10-C1B73EEA6806}.ToolChain|x64.ActiveCfg = ToolChain|Any CPU
		{5990C55D-D055-4660-8D10-C1B73EEA6806}.ToolChain|x64.Build.0 = ToolChain|Any CPU
		{5990C55D-D055-4660-8D10-C1B73EEA6806}.ToolChain|x86.ActiveCfg = ToolChain|Any CPU
		{5990C55D-D055-4660-8D10-C1B73EEA6806}.ToolChain|x86.Build.0 = ToolChain|Any CPU
		{C5E7FE19-ACE4-4D47-8462-1E2547ED7673}.Ad-Hoc|Any CPU.ActiveCfg = Release|x86
		{C5E7FE19-ACE4-4D47-8462-1E2547ED7673}.Ad-Hoc|Any CPU.Build.0 = Release|x86
		{C5E7FE19-ACE4-4D47-8462-1E2547ED7673}.Ad-Hoc|Any CPU.Deploy.0 = Release|x86
		{C5E7FE19-ACE4-4D47-8462-1E2547ED7673}.Ad-Hoc|ARM.ActiveCfg = Release|ARM
		{C5E7FE19-ACE4-4D47-8462-1E2547ED7673}.Ad-Hoc|ARM.Build.0 = Release|ARM
		{C5E7FE19-ACE4-4D47-8462-1E2547ED7673}.Ad-Hoc|ARM.Deploy.0 = Release|ARM
		{C5E7FE19-ACE4-4D47-8462-1E2547ED7673}.Ad-Hoc|iPhone.ActiveCfg = Release|x86
		{C5E7FE19-ACE4-4D47-8462-1E2547ED7673}.Ad-Hoc|iPhone.Build.0 = Release|x86
		{C5E7FE19-ACE4-4D47-8462-1E2547ED7673}.Ad-Hoc|iPhone.Deploy.0 = Release|x86
		{C5E7FE19-ACE4-4D47-8462-1E2547ED7673}.Ad-Hoc|iPhoneSimulator.ActiveCfg = Release|x86
		{C5E7FE19-ACE4-4D47-8462-1E2547ED7673}.Ad-Hoc|iPhoneSimulator.Build.0 = Release|x86
		{C5E7FE19-ACE4-4D47-8462-1E2547ED7673}.Ad-Hoc|iPhoneSimulator.Deploy.0 = Release|x86
		{C5E7FE19-ACE4-4D47-8462-1E2547ED7673}.Ad-Hoc|x64.ActiveCfg = Release|x64
		{C5E7FE19-ACE4-4D47-8462-1E2547ED7673}.Ad-Hoc|x64.Build.0 = Release|x64
		{C5E7FE19-ACE4-4D47-8462-1E2547ED7673}.Ad-Hoc|x64.Deploy.0 = Release|x64
		{C5E7FE19-ACE4-4D47-8462-1E2547ED7673}.Ad-Hoc|x86.ActiveCfg = Release|x86
		{C5E7FE19-ACE4-4D47-8462-1E2547ED7673}.Ad-Hoc|x86.Build.0 = Release|x86
		{C5E7FE19-ACE4-4D47-8462-1E2547ED7673}.Ad-Hoc|x86.Deploy.0 = Release|x86
		{C5E7FE19-ACE4-4D47-8462-1E2547ED7673}.AppStore|Any CPU.ActiveCfg = Release|x86
		{C5E7FE19-ACE4-4D47-8462-1E2547ED7673}.AppStore|Any CPU.Build.0 = Release|x86
		{C5E7FE19-ACE4-4D47-8462-1E2547ED7673}.AppStore|Any CPU.Deploy.0 = Release|x86
		{C5E7FE19-ACE4-4D47-8462-1E2547ED7673}.AppStore|ARM.ActiveCfg = Release|ARM
		{C5E7FE19-ACE4-4D47-8462-1E2547ED7673}.AppStore|ARM.Build.0 = Release|ARM
		{C5E7FE19-ACE4-4D47-8462-1E2547ED7673}.AppStore|ARM.Deploy.0 = Release|ARM
		{C5E7FE19-ACE4-4D47-8462-1E2547ED7673}.AppStore|iPhone.ActiveCfg = Release|x86
		{C5E7FE19-ACE4-4D47-8462-1E2547ED7673}.AppStore|iPhone.Build.0 = Release|x86
		{C5E7FE19-ACE4-4D47-8462-1E2547ED7673}.AppStore|iPhone.Deploy.0 = Release|x86
		{C5E7FE19-ACE4-4D47-8462-1E2547ED7673}.AppStore|iPhoneSimulator.ActiveCfg = Release|x86
		{C5E7FE19-ACE4-4D47-8462-1E2547ED7673}.AppStore|iPhoneSimulator.Build.0 = Release|x86
		{C5E7FE19-ACE4-4D47-8462-1E2547ED7673}.AppStore|iPhoneSimulator.Deploy.0 = Release|x86
		{C5E7FE19-ACE4-4D47-8462-1E2547ED7673}.AppStore|x64.ActiveCfg = Release|x64
		{C5E7FE19-ACE4-4D47-8462-1E2547ED7673}.AppStore|x64.Build.0 = Release|x64
		{C5E7FE19-ACE4-4D47-8462-1E2547ED7673}.AppStore|x64.Deploy.0 = Release|x64
		{C5E7FE19-ACE4-4D47-8462-1E2547ED7673}.AppStore|x86.ActiveCfg = Release|x86
		{C5E7FE19-ACE4-4D47-8462-1E2547ED7673}.AppStore|x86.Build.0 = Release|x86
		{C5E7FE19-ACE4-4D47-8462-1E2547ED7673}.AppStore|x86.Deploy.0 = Release|x86
		{C5E7FE19-ACE4-4D47-8462-1E2547ED7673}.Debug|Any CPU.ActiveCfg = Debug|x86
		{C5E7FE19-ACE4-4D47-8462-1E2547ED7673}.Debug|ARM.ActiveCfg = Debug|ARM
		{C5E7FE19-ACE4-4D47-8462-1E2547ED7673}.Debug|ARM.Build.0 = Debug|ARM
		{C5E7FE19-ACE4-4D47-8462-1E2547ED7673}.Debug|ARM.Deploy.0 = Debug|ARM
		{C5E7FE19-ACE4-4D47-8462-1E2547ED7673}.Debug|iPhone.ActiveCfg = Debug|x86
		{C5E7FE19-ACE4-4D47-8462-1E2547ED7673}.Debug|iPhoneSimulator.ActiveCfg = Debug|x86
		{C5E7FE19-ACE4-4D47-8462-1E2547ED7673}.Debug|x64.ActiveCfg = Debug|x64
		{C5E7FE19-ACE4-4D47-8462-1E2547ED7673}.Debug|x64.Build.0 = Debug|x64
		{C5E7FE19-ACE4-4D47-8462-1E2547ED7673}.Debug|x64.Deploy.0 = Debug|x64
		{C5E7FE19-ACE4-4D47-8462-1E2547ED7673}.Debug|x86.ActiveCfg = Debug|x86
		{C5E7FE19-ACE4-4D47-8462-1E2547ED7673}.Debug|x86.Build.0 = Debug|x86
		{C5E7FE19-ACE4-4D47-8462-1E2547ED7673}.Debug|x86.Deploy.0 = Debug|x86
		{C5E7FE19-ACE4-4D47-8462-1E2547ED7673}.Release|Any CPU.ActiveCfg = Release|x86
		{C5E7FE19-ACE4-4D47-8462-1E2547ED7673}.Release|ARM.ActiveCfg = Release|ARM
		{C5E7FE19-ACE4-4D47-8462-1E2547ED7673}.Release|ARM.Build.0 = Release|ARM
		{C5E7FE19-ACE4-4D47-8462-1E2547ED7673}.Release|ARM.Deploy.0 = Release|ARM
		{C5E7FE19-ACE4-4D47-8462-1E2547ED7673}.Release|iPhone.ActiveCfg = Release|x86
		{C5E7FE19-ACE4-4D47-8462-1E2547ED7673}.Release|iPhoneSimulator.ActiveCfg = Release|x86
		{C5E7FE19-ACE4-4D47-8462-1E2547ED7673}.Release|x64.ActiveCfg = Release|x64
		{C5E7FE19-ACE4-4D47-8462-1E2547ED7673}.Release|x64.Build.0 = Release|x64
		{C5E7FE19-ACE4-4D47-8462-1E2547ED7673}.Release|x64.Deploy.0 = Release|x64
		{C5E7FE19-ACE4-4D47-8462-1E2547ED7673}.Release|x86.ActiveCfg = Release|x86
		{C5E7FE19-ACE4-4D47-8462-1E2547ED7673}.Release|x86.Build.0 = Release|x86
		{C5E7FE19-ACE4-4D47-8462-1E2547ED7673}.Release|x86.Deploy.0 = Release|x86
		{C5E7FE19-ACE4-4D47-8462-1E2547ED7673}.ToolChain|Any CPU.ActiveCfg = ToolChain|x86
		{C5E7FE19-ACE4-4D47-8462-1E2547ED7673}.ToolChain|ARM.ActiveCfg = ToolChain|ARM
		{C5E7FE19-ACE4-4D47-8462-1E2547ED7673}.ToolChain|ARM.Build.0 = ToolChain|ARM
		{C5E7FE19-ACE4-4D47-8462-1E2547ED7673}.ToolChain|ARM.Deploy.0 = ToolChain|ARM
		{C5E7FE19-ACE4-4D47-8462-1E2547ED7673}.ToolChain|iPhone.ActiveCfg = ToolChain|x86
		{C5E7FE19-ACE4-4D47-8462-1E2547ED7673}.ToolChain|iPhoneSimulator.ActiveCfg = ToolChain|x86
		{C5E7FE19-ACE4-4D47-8462-1E2547ED7673}.ToolChain|x64.ActiveCfg = ToolChain|x64
		{C5E7FE19-ACE4-4D47-8462-1E2547ED7673}.ToolChain|x64.Build.0 = ToolChain|x64
		{C5E7FE19-ACE4-4D47-8462-1E2547ED7673}.ToolChain|x64.Deploy.0 = ToolChain|x64
		{C5E7FE19-ACE4-4D47-8462-1E2547ED7673}.ToolChain|x86.ActiveCfg = ToolChain|x86
		{C5E7FE19-ACE4-4D47-8462-1E2547ED7673}.ToolChain|x86.Build.0 = ToolChain|x86
		{C5E7FE19-ACE4-4D47-8462-1E2547ED7673}.ToolChain|x86.Deploy.0 = ToolChain|x86
		{226238BF-EF9C-4BBD-8AAA-1B302015E4A7}.Ad-Hoc|Any CPU.ActiveCfg = Ad-Hoc|iPhone
		{226238BF-EF9C-4BBD-8AAA-1B302015E4A7}.Ad-Hoc|ARM.ActiveCfg = Ad-Hoc|iPhone
		{226238BF-EF9C-4BBD-8AAA-1B302015E4A7}.Ad-Hoc|iPhone.ActiveCfg = Ad-Hoc|iPhone
		{226238BF-EF9C-4BBD-8AAA-1B302015E4A7}.Ad-Hoc|iPhone.Build.0 = Ad-Hoc|iPhone
		{226238BF-EF9C-4BBD-8AAA-1B302015E4A7}.Ad-Hoc|iPhoneSimulator.ActiveCfg = Ad-Hoc|iPhoneSimulator
		{226238BF-EF9C-4BBD-8AAA-1B302015E4A7}.Ad-Hoc|iPhoneSimulator.Build.0 = Ad-Hoc|iPhoneSimulator
		{226238BF-EF9C-4BBD-8AAA-1B302015E4A7}.Ad-Hoc|x64.ActiveCfg = Ad-Hoc|iPhone
		{226238BF-EF9C-4BBD-8AAA-1B302015E4A7}.Ad-Hoc|x86.ActiveCfg = Ad-Hoc|iPhone
		{226238BF-EF9C-4BBD-8AAA-1B302015E4A7}.AppStore|Any CPU.ActiveCfg = AppStore|iPhone
		{226238BF-EF9C-4BBD-8AAA-1B302015E4A7}.AppStore|ARM.ActiveCfg = AppStore|iPhone
		{226238BF-EF9C-4BBD-8AAA-1B302015E4A7}.AppStore|iPhone.ActiveCfg = AppStore|iPhone
		{226238BF-EF9C-4BBD-8AAA-1B302015E4A7}.AppStore|iPhone.Build.0 = AppStore|iPhone
		{226238BF-EF9C-4BBD-8AAA-1B302015E4A7}.AppStore|iPhoneSimulator.ActiveCfg = AppStore|iPhoneSimulator
		{226238BF-EF9C-4BBD-8AAA-1B302015E4A7}.AppStore|iPhoneSimulator.Build.0 = AppStore|iPhoneSimulator
		{226238BF-EF9C-4BBD-8AAA-1B302015E4A7}.AppStore|x64.ActiveCfg = AppStore|iPhone
		{226238BF-EF9C-4BBD-8AAA-1B302015E4A7}.AppStore|x86.ActiveCfg = AppStore|iPhone
		{226238BF-EF9C-4BBD-8AAA-1B302015E4A7}.Debug|Any CPU.ActiveCfg = Debug|iPhone
		{226238BF-EF9C-4BBD-8AAA-1B302015E4A7}.Debug|ARM.ActiveCfg = Debug|iPhone
		{226238BF-EF9C-4BBD-8AAA-1B302015E4A7}.Debug|iPhone.ActiveCfg = Debug|iPhone
		{226238BF-EF9C-4BBD-8AAA-1B302015E4A7}.Debug|iPhone.Build.0 = Debug|iPhone
		{226238BF-EF9C-4BBD-8AAA-1B302015E4A7}.Debug|iPhoneSimulator.ActiveCfg = Debug|iPhoneSimulator
		{226238BF-EF9C-4BBD-8AAA-1B302015E4A7}.Debug|iPhoneSimulator.Build.0 = Debug|iPhoneSimulator
		{226238BF-EF9C-4BBD-8AAA-1B302015E4A7}.Debug|x64.ActiveCfg = Debug|iPhone
		{226238BF-EF9C-4BBD-8AAA-1B302015E4A7}.Debug|x86.ActiveCfg = Debug|iPhone
		{226238BF-EF9C-4BBD-8AAA-1B302015E4A7}.Release|Any CPU.ActiveCfg = Release|iPhone
		{226238BF-EF9C-4BBD-8AAA-1B302015E4A7}.Release|ARM.ActiveCfg = Release|iPhone
		{226238BF-EF9C-4BBD-8AAA-1B302015E4A7}.Release|iPhone.ActiveCfg = Release|iPhone
		{226238BF-EF9C-4BBD-8AAA-1B302015E4A7}.Release|iPhone.Build.0 = Release|iPhone
		{226238BF-EF9C-4BBD-8AAA-1B302015E4A7}.Release|iPhoneSimulator.ActiveCfg = Release|iPhoneSimulator
		{226238BF-EF9C-4BBD-8AAA-1B302015E4A7}.Release|iPhoneSimulator.Build.0 = Release|iPhoneSimulator
		{226238BF-EF9C-4BBD-8AAA-1B302015E4A7}.Release|x64.ActiveCfg = Release|iPhone
		{226238BF-EF9C-4BBD-8AAA-1B302015E4A7}.Release|x86.ActiveCfg = Release|iPhone
		{226238BF-EF9C-4BBD-8AAA-1B302015E4A7}.ToolChain|Any CPU.ActiveCfg = ToolChain|iPhone
		{226238BF-EF9C-4BBD-8AAA-1B302015E4A7}.ToolChain|ARM.ActiveCfg = ToolChain|iPhone
		{226238BF-EF9C-4BBD-8AAA-1B302015E4A7}.ToolChain|iPhone.ActiveCfg = ToolChain|iPhone
		{226238BF-EF9C-4BBD-8AAA-1B302015E4A7}.ToolChain|iPhoneSimulator.ActiveCfg = ToolChain|iPhoneSimulator
		{226238BF-EF9C-4BBD-8AAA-1B302015E4A7}.ToolChain|x64.ActiveCfg = ToolChain|iPhone
		{226238BF-EF9C-4BBD-8AAA-1B302015E4A7}.ToolChain|x86.ActiveCfg = ToolChain|iPhone
	EndGlobalSection
	GlobalSection(SolutionProperties) = preSolution
		HideSolutionNode = FALSE
	EndGlobalSection
EndGlobal
